
Microsoft Visual Studio Solution File, Format Version 12.00
# Visual Studio 2015
Project("{FAE04EC0-301F-11D3-BF4B-00C04F79EFBC}") = "vaporworld.CSharp", "vaporworld.CSharp.csproj", "{14FA53BF-C240-123E-44B8-BD5605B0C95E}"
EndProject
Project("{FAE04EC0-301F-11D3-BF4B-00C04F79EFBC}") = "vaporworld.CSharp.Editor", "vaporworld.CSharp.Editor.csproj", "{9BDFC278-9747-22EE-192E-8E4625595E5F}"
EndProject
Global
	GlobalSection(SolutionConfigurationPlatforms) = preSolution
		Debug|Any CPU = Debug|Any CPU
		Release|Any CPU = Release|Any CPU
	EndGlobalSection
	GlobalSection(ProjectConfigurationPlatforms) = postSolution
		{14FA53BF-C240-123E-44B8-BD5605B0C95E}.Debug|Any CPU.ActiveCfg = Debug|Any CPU
		{14FA53BF-C240-123E-44B8-BD5605B0C95E}.Debug|Any CPU.Build.0 = Debug|Any CPU
		{14FA53BF-C240-123E-44B8-BD5605B0C95E}.Release|Any CPU.ActiveCfg = Release|Any CPU
		{14FA53BF-C240-123E-44B8-BD5605B0C95E}.Release|Any CPU.Build.0 = Release|Any CPU
		{9BDFC278-9747-22EE-192E-8E4625595E5F}.Debug|Any CPU.ActiveCfg = Debug|Any CPU
		{9BDFC278-9747-22EE-192E-8E4625595E5F}.Debug|Any CPU.Build.0 = Debug|Any CPU
		{9BDFC278-9747-22EE-192E-8E4625595E5F}.Release|Any CPU.ActiveCfg = Release|Any CPU
		{9BDFC278-9747-22EE-192E-8E4625595E5F}.Release|Any CPU.Build.0 = Release|Any CPU
	EndGlobalSection
	GlobalSection(SolutionProperties) = preSolution
		HideSolutionNode = FALSE
	EndGlobalSection
EndGlobal
