
Microsoft Visual Studio Solution File, Format Version 11.00
# Visual Studio 2010
Project("{FAE04EC0-301F-11D3-BF4B-00C04F79EFBC}") = "vaporworld", "Assembly-CSharp.csproj", "{434D65F9-EF5E-6008-550E-D8CCF09F165D}"
EndProject
Project("{FAE04EC0-301F-11D3-BF4B-00C04F79EFBC}") = "vaporworld", "Assembly-CSharp-Editor.csproj", "{5366DDA6-997C-9FB4-03B1-E2B9C1F0360B}"
EndProject
Global
	GlobalSection(SolutionConfigurationPlatforms) = preSolution
		Debug|Any CPU = Debug|Any CPU
		Release|Any CPU = Release|Any CPU
	EndGlobalSection
	GlobalSection(ProjectConfigurationPlatforms) = postSolution
		{434D65F9-EF5E-6008-550E-D8CCF09F165D}.Debug|Any CPU.ActiveCfg = Debug|Any CPU
		{434D65F9-EF5E-6008-550E-D8CCF09F165D}.Debug|Any CPU.Build.0 = Debug|Any CPU
		{434D65F9-EF5E-6008-550E-D8CCF09F165D}.Release|Any CPU.ActiveCfg = Release|Any CPU
		{434D65F9-EF5E-6008-550E-D8CCF09F165D}.Release|Any CPU.Build.0 = Release|Any CPU
		{5366DDA6-997C-9FB4-03B1-E2B9C1F0360B}.Debug|Any CPU.ActiveCfg = Debug|Any CPU
		{5366DDA6-997C-9FB4-03B1-E2B9C1F0360B}.Debug|Any CPU.Build.0 = Debug|Any CPU
		{5366DDA6-997C-9FB4-03B1-E2B9C1F0360B}.Release|Any CPU.ActiveCfg = Release|Any CPU
		{5366DDA6-997C-9FB4-03B1-E2B9C1F0360B}.Release|Any CPU.Build.0 = Release|Any CPU
	EndGlobalSection
	GlobalSection(SolutionProperties) = preSolution
		HideSolutionNode = FALSE
	EndGlobalSection
	GlobalSection(MonoDevelopProperties) = preSolution
		StartupItem = Assembly-CSharp.csproj
	EndGlobalSection
EndGlobal
